
Microsoft Visual Studio Solution File, Format Version 12.00
# Visual Studio Version 16
VisualStudioVersion = 16.0.808.7
MinimumVisualStudioVersion = 10.0.40219.1
Project("{FAE04EC0-301F-11D3-BF4B-00C04F79EFBC}") = "OdeToFood", "OdeFood\OdeToFood.csproj", "{824219E5-1032-4AEF-9D82-230D274F792F}"
EndProject
Project("{FAE04EC0-301F-11D3-BF4B-00C04F79EFBC}") = "OdeToFood.Core", "OdeToFood.Core\OdeToFood.Core.csproj", "{06662E9E-26DA-442F-B960-BE5C47F624ED}"
EndProject
Project("{FAE04EC0-301F-11D3-BF4B-00C04F79EFBC}") = "OdeToFood.Data", "OdeToFood.Data\OdeToFood.Data.csproj", "{C52F03FF-F03B-4CCF-A785-1EE79A55B0CD}"
EndProject
Global
	GlobalSection(SolutionConfigurationPlatforms) = preSolution
		Debug|Any CPU = Debug|Any CPU
		Release|Any CPU = Release|Any CPU
	EndGlobalSection
	GlobalSection(ProjectConfigurationPlatforms) = postSolution
		{824219E5-1032-4AEF-9D82-230D274F792F}.Debug|Any CPU.ActiveCfg = Debug|Any CPU
		{824219E5-1032-4AEF-9D82-230D274F792F}.Debug|Any CPU.Build.0 = Debug|Any CPU
		{824219E5-1032-4AEF-9D82-230D274F792F}.Release|Any CPU.ActiveCfg = Release|Any CPU
		{824219E5-1032-4AEF-9D82-230D274F792F}.Release|Any CPU.Build.0 = Release|Any CPU
		{06662E9E-26DA-442F-B960-BE5C47F624ED}.Debug|Any CPU.ActiveCfg = Debug|Any CPU
		{06662E9E-26DA-442F-B960-BE5C47F624ED}.Debug|Any CPU.Build.0 = Debug|Any CPU
		{06662E9E-26DA-442F-B960-BE5C47F624ED}.Release|Any CPU.ActiveCfg = Release|Any CPU
		{06662E9E-26DA-442F-B960-BE5C47F624ED}.Release|Any CPU.Build.0 = Release|Any CPU
		{C52F03FF-F03B-4CCF-A785-1EE79A55B0CD}.Debug|Any CPU.ActiveCfg = Debug|Any CPU
		{C52F03FF-F03B-4CCF-A785-1EE79A55B0CD}.Debug|Any CPU.Build.0 = Debug|Any CPU
		{C52F03FF-F03B-4CCF-A785-1EE79A55B0CD}.Release|Any CPU.ActiveCfg = Release|Any CPU
		{C52F03FF-F03B-4CCF-A785-1EE79A55B0CD}.Release|Any CPU.Build.0 = Release|Any CPU
	EndGlobalSection
	GlobalSection(SolutionProperties) = preSolution
		HideSolutionNode = FALSE
	EndGlobalSection
	GlobalSection(ExtensibilityGlobals) = postSolution
		SolutionGuid = {0C9B2691-632C-4F95-8ED8-D3E3532FFC99}
	EndGlobalSection
EndGlobal
